
Microsoft Visual Studio Solution File, Format Version 12.00
# Visual Studio 15
VisualStudioVersion = 15.0.28307.106
MinimumVisualStudioVersion = 10.0.40219.1
Project("{FAE04EC0-301F-11D3-BF4B-00C04F79EFBC}") = "ClothBazar.Web", "ClothBazar\ClothBazar.Web.csproj", "{F97DE6C7-58A3-4100-840B-47CBBF834401}"
EndProject
Project("{FAE04EC0-301F-11D3-BF4B-00C04F79EFBC}") = "ClothBazar.Entities", "ClothBazar.Entities\ClothBazar.Entities.csproj", "{AE31017D-D7A2-4A37-8E0D-2E010C18B2DF}"
EndProject
Project("{FAE04EC0-301F-11D3-BF4B-00C04F79EFBC}") = "ClothBazar.Database", "ClothBazar.Database\ClothBazar.Database.csproj", "{1C75E513-033E-41CB-9FE0-B0A60EE0BAD6}"
EndProject
Project("{FAE04EC0-301F-11D3-BF4B-00C04F79EFBC}") = "ClothBazar.Services", "ClothBazar.Services\ClothBazar.Services.csproj", "{DE14C54C-264E-49C4-ACB6-904A20D91B62}"
EndProject
Global
	GlobalSection(SolutionConfigurationPlatforms) = preSolution
		Debug|Any CPU = Debug|Any CPU
		Release|Any CPU = Release|Any CPU
	EndGlobalSection
	GlobalSection(ProjectConfigurationPlatforms) = postSolution
		{F97DE6C7-58A3-4100-840B-47CBBF834401}.Debug|Any CPU.ActiveCfg = Debug|Any CPU
		{F97DE6C7-58A3-4100-840B-47CBBF834401}.Debug|Any CPU.Build.0 = Debug|Any CPU
		{F97DE6C7-58A3-4100-840B-47CBBF834401}.Release|Any CPU.ActiveCfg = Release|Any CPU
		{F97DE6C7-58A3-4100-840B-47CBBF834401}.Release|Any CPU.Build.0 = Release|Any CPU
		{AE31017D-D7A2-4A37-8E0D-2E010C18B2DF}.Debug|Any CPU.ActiveCfg = Debug|Any CPU
		{AE31017D-D7A2-4A37-8E0D-2E010C18B2DF}.Debug|Any CPU.Build.0 = Debug|Any CPU
		{AE31017D-D7A2-4A37-8E0D-2E010C18B2DF}.Release|Any CPU.ActiveCfg = Release|Any CPU
		{AE31017D-D7A2-4A37-8E0D-2E010C18B2DF}.Release|Any CPU.Build.0 = Release|Any CPU
		{1C75E513-033E-41CB-9FE0-B0A60EE0BAD6}.Debug|Any CPU.ActiveCfg = Debug|Any CPU
		{1C75E513-033E-41CB-9FE0-B0A60EE0BAD6}.Debug|Any CPU.Build.0 = Debug|Any CPU
		{1C75E513-033E-41CB-9FE0-B0A60EE0BAD6}.Release|Any CPU.ActiveCfg = Release|Any CPU
		{1C75E513-033E-41CB-9FE0-B0A60EE0BAD6}.Release|Any CPU.Build.0 = Release|Any CPU
		{DE14C54C-264E-49C4-ACB6-904A20D91B62}.Debug|Any CPU.ActiveCfg = Debug|Any CPU
		{DE14C54C-264E-49C4-ACB6-904A20D91B62}.Debug|Any CPU.Build.0 = Debug|Any CPU
		{DE14C54C-264E-49C4-ACB6-904A20D91B62}.Release|Any CPU.ActiveCfg = Release|Any CPU
		{DE14C54C-264E-49C4-ACB6-904A20D91B62}.Release|Any CPU.Build.0 = Release|Any CPU
	EndGlobalSection
	GlobalSection(SolutionProperties) = preSolution
		HideSolutionNode = FALSE
	EndGlobalSection
	GlobalSection(ExtensibilityGlobals) = postSolution
		SolutionGuid = {CD521A68-256C-4A86-A77F-B15A32F7EE39}
	EndGlobalSection
EndGlobal
